
Microsoft Visual Studio Solution File, Format Version 12.00
# Visual Studio Version 17
VisualStudioVersion = 17.1.32421.90
MinimumVisualStudioVersion = 10.0.40219.1
Project("{9A19103F-16F7-4668-BE54-9A1E7A4F7556}") = "APIProdutos", "APIProdutos\APIProdutos.csproj", "{1FE70F05-B756-40E0-AD9C-DB942FA224BD}"
EndProject
Project("{FAE04EC0-301F-11D3-BF4B-00C04F79EFBC}") = "APIProdutos.Core", "APIProdutos.Core\APIProdutos.Core.csproj", "{D34AA2D3-313E-4911-B122-26F2A739FE99}"
EndProject
Project("{FAE04EC0-301F-11D3-BF4B-00C04F79EFBC}") = "APIProdutos.Infra.Data", "APIProdutos.Infra.Data\APIProdutos.Infra.Data.csproj", "{2F339061-2732-47C0-BEA6-EC47699E9B1A}"
EndProject
Global
	GlobalSection(SolutionConfigurationPlatforms) = preSolution
		Debug|Any CPU = Debug|Any CPU
		Release|Any CPU = Release|Any CPU
	EndGlobalSection
	GlobalSection(ProjectConfigurationPlatforms) = postSolution
		{1FE70F05-B756-40E0-AD9C-DB942FA224BD}.Debug|Any CPU.ActiveCfg = Debug|Any CPU
		{1FE70F05-B756-40E0-AD9C-DB942FA224BD}.Debug|Any CPU.Build.0 = Debug|Any CPU
		{1FE70F05-B756-40E0-AD9C-DB942FA224BD}.Release|Any CPU.ActiveCfg = Release|Any CPU
		{1FE70F05-B756-40E0-AD9C-DB942FA224BD}.Release|Any CPU.Build.0 = Release|Any CPU
		{D34AA2D3-313E-4911-B122-26F2A739FE99}.Debug|Any CPU.ActiveCfg = Debug|Any CPU
		{D34AA2D3-313E-4911-B122-26F2A739FE99}.Debug|Any CPU.Build.0 = Debug|Any CPU
		{D34AA2D3-313E-4911-B122-26F2A739FE99}.Release|Any CPU.ActiveCfg = Release|Any CPU
		{D34AA2D3-313E-4911-B122-26F2A739FE99}.Release|Any CPU.Build.0 = Release|Any CPU
		{2F339061-2732-47C0-BEA6-EC47699E9B1A}.Debug|Any CPU.ActiveCfg = Debug|Any CPU
		{2F339061-2732-47C0-BEA6-EC47699E9B1A}.Debug|Any CPU.Build.0 = Debug|Any CPU
		{2F339061-2732-47C0-BEA6-EC47699E9B1A}.Release|Any CPU.ActiveCfg = Release|Any CPU
		{2F339061-2732-47C0-BEA6-EC47699E9B1A}.Release|Any CPU.Build.0 = Release|Any CPU
	EndGlobalSection
	GlobalSection(SolutionProperties) = preSolution
		HideSolutionNode = FALSE
	EndGlobalSection
	GlobalSection(ExtensibilityGlobals) = postSolution
		SolutionGuid = {F69E58D7-5892-44A4-A5DE-1096A2481092}
	EndGlobalSection
EndGlobal
